<?xml version="1.0" encoding="utf-8"?>
<Project ToolsVersion="4.0" xmlns="http://schemas.microsoft.com/developer/msbuild/2003">
  <ItemGroup>
    <ClCompile Include="src\main.cpp" />
    <ClCompile Include="src\templateday.cpp" />
    <ClCompile Include="src\day01.cpp">
      <Filter>day01</Filter>
    </ClCompile>
    <ClCompile Include="src\day02.cpp">
      <Filter>day02</Filter>
    </ClCompile>
    <ClCompile Include="src\day03.cpp">
      <Filter>day03</Filter>
    </ClCompile>
    <ClCompile Include="src\day04.cpp">
      <Filter>day04</Filter>
    </ClCompile>
    <ClCompile Include="src\day05.cpp">
      <Filter>day05</Filter>
    </ClCompile>
    <ClCompile Include="src\day06.cpp">
      <Filter>day06</Filter>
    </ClCompile>
    <ClCompile Include="src\day07.cpp">
      <Filter>day07</Filter>
    </ClCompile>
    <ClCompile Include="src\day08.cpp">
      <Filter>day08</Filter>
    </ClCompile>
  </ItemGroup>
  <ItemGroup>
    <Text Include="..\data\01\test.txt">
      <Filter>day01</Filter>
    </Text>
    <Text Include="..\data\01\real.txt">
      <Filter>day01</Filter>
    </Text>
    <Text Include="..\data\02\real.txt">
      <Filter>day02</Filter>
    </Text>
    <Text Include="..\data\02\test.txt">
      <Filter>day02</Filter>
    </Text>
    <Text Include="..\data\03\real.txt">
      <Filter>day03</Filter>
    </Text>
    <Text Include="..\data\03\test.txt">
      <Filter>day03</Filter>
    </Text>
    <Text Include="..\data\03\test2.txt">
      <Filter>day03</Filter>
    </Text>
    <Text Include="..\data\04\real.txt">
      <Filter>day04</Filter>
    </Text>
    <Text Include="..\data\04\test.txt">
      <Filter>day04</Filter>
    </Text>
    <Text Include="..\data\05\real.txt">
      <Filter>day05</Filter>
    </Text>
    <Text Include="..\data\05\test.txt">
      <Filter>day05</Filter>
    </Text>
    <Text Include="..\data\06\real.txt">
      <Filter>day06</Filter>
    </Text>
    <Text Include="..\data\06\test.txt">
      <Filter>day06</Filter>
    </Text>
    <Text Include="..\data\07\real.txt">
      <Filter>day07</Filter>
    </Text>
    <Text Include="..\data\07\test.txt">
      <Filter>day07</Filter>
    </Text>
    <Text Include="..\data\08\real.txt">
      <Filter>day08</Filter>
    </Text>
    <Text Include="..\data\08\test.txt">
      <Filter>day08</Filter>
    </Text>
  </ItemGroup>
  <ItemGroup>
    <Filter Include="day01">
      <UniqueIdentifier>{fe67f3ea-6d5a-44cd-ad56-4b9210ee4a16}</UniqueIdentifier>
    </Filter>
    <Filter Include="day02">
      <UniqueIdentifier>{da48ae7f-30d3-4ec8-bec3-e7b90c395976}</UniqueIdentifier>
    </Filter>
    <Filter Include="day03">
      <UniqueIdentifier>{70f87356-62ce-4a50-b25b-4d1c671e3fe4}</UniqueIdentifier>
    </Filter>
    <Filter Include="day04">
      <UniqueIdentifier>{d9020142-7d1f-4547-973f-69f2f280e072}</UniqueIdentifier>
    </Filter>
    <Filter Include="day05">
      <UniqueIdentifier>{80f7a1d9-0b8b-480f-9171-d045f55a8ff5}</UniqueIdentifier>
    </Filter>
    <Filter Include="day06">
      <UniqueIdentifier>{e45b8a6e-eb38-4ec1-a8e7-8fc5f9d6f8bc}</UniqueIdentifier>
    </Filter>
    <Filter Include="day07">
      <UniqueIdentifier>{ed6e26da-54e9-4a33-80a2-d3ed148981bb}</UniqueIdentifier>
    </Filter>
    <Filter Include="day08">
      <UniqueIdentifier>{b45a703f-90da-43f1-98a1-77cf1a40cec0}</UniqueIdentifier>
    </Filter>
  </ItemGroup>
  <ItemGroup>
    <ClInclude Include="src\Vec2.h" />
  </ItemGroup>
</Project>